<<<<<<< HEAD
<<<<<<< HEAD
{
  "name": "food_ordering",
  "lockfileVersion": 3,
  "requires": true,
  "packages": {}
}
=======
=======
>>>>>>> afc081a49aea813fc597ed46cce39843d9982fee
{
  "name": "food_ordering",
  "lockfileVersion": 3,
  "requires": true,
  "packages": {}
}
<<<<<<< HEAD
>>>>>>> master
=======
>>>>>>> afc081a49aea813fc597ed46cce39843d9982fee
